Microsoft Visual Studio Solution File, Format Version 11.00
# Visual Studio 2008

Project("{8226588F-03DA-49B8-57E5-DDF8C508DD2D}") = "Motion", "Assembly-CSharp.csproj", "{D4F0B07D-C806-15E0-C947-7E11383674BA}"
EndProject
Project("{8226588F-03DA-49B8-57E5-DDF8C508DD2D}") = "Motion", "Assembly-UnityScript.unityproj", "{14BFA820-54DB-F871-73DA-8A1664456540}"
EndProject
Global
	GlobalSection(SolutionConfigurationPlatforms) = preSolution
		Debug|Any CPU = Debug|Any CPU
		Release|Any CPU = Release|Any CPU
	EndGlobalSection
	GlobalSection(ProjectConfigurationPlatforms) = postSolution
		{D4F0B07D-C806-15E0-C947-7E11383674BA}.Debug|Any CPU.ActiveCfg = Debug|Any CPU
		{D4F0B07D-C806-15E0-C947-7E11383674BA}.Debug|Any CPU.Build.0 = Debug|Any CPU
		{D4F0B07D-C806-15E0-C947-7E11383674BA}.Release|Any CPU.ActiveCfg = Release|Any CPU
		{D4F0B07D-C806-15E0-C947-7E11383674BA}.Release|Any CPU.Build.0 = Release|Any CPU
		{14BFA820-54DB-F871-73DA-8A1664456540}.Debug|Any CPU.ActiveCfg = Debug|Any CPU
		{14BFA820-54DB-F871-73DA-8A1664456540}.Debug|Any CPU.Build.0 = Debug|Any CPU
		{14BFA820-54DB-F871-73DA-8A1664456540}.Release|Any CPU.ActiveCfg = Release|Any CPU
		{14BFA820-54DB-F871-73DA-8A1664456540}.Release|Any CPU.Build.0 = Release|Any CPU
	EndGlobalSection
	GlobalSection(SolutionProperties) = preSolution
		HideSolutionNode = FALSE
	EndGlobalSection
	GlobalSection(MonoDevelopProperties) = preSolution
		StartupItem = Assembly-CSharp.csproj
	EndGlobalSection
EndGlobal
